
Microsoft Visual Studio Solution File, Format Version 12.00
# Visual Studio Version 17
VisualStudioVersion = 17.3.32929.385
MinimumVisualStudioVersion = 10.0.40219.1
Project("{FAE04EC0-301F-11D3-BF4B-00C04F79EFBC}") = "Aplication", "Aplication\Aplication.csproj", "{86F30E90-9F20-4519-A006-3AAB797577C0}"
EndProject
Global
	GlobalSection(SolutionConfigurationPlatforms) = preSolution
		Debug|Any CPU = Debug|Any CPU
		Release|Any CPU = Release|Any CPU
	EndGlobalSection
	GlobalSection(ProjectConfigurationPlatforms) = postSolution
		{86F30E90-9F20-4519-A006-3AAB797577C0}.Debug|Any CPU.ActiveCfg = Debug|Any CPU
		{86F30E90-9F20-4519-A006-3AAB797577C0}.Debug|Any CPU.Build.0 = Debug|Any CPU
		{86F30E90-9F20-4519-A006-3AAB797577C0}.Release|Any CPU.ActiveCfg = Release|Any CPU
		{86F30E90-9F20-4519-A006-3AAB797577C0}.Release|Any CPU.Build.0 = Release|Any CPU
	EndGlobalSection
	GlobalSection(SolutionProperties) = preSolution
		HideSolutionNode = FALSE
	EndGlobalSection
	GlobalSection(ExtensibilityGlobals) = postSolution
		SolutionGuid = {C3719B8F-C2C9-4460-A822-5ED296CE27E8}
	EndGlobalSection
EndGlobal
